{
  "originHash" : "6758e4d97aeffed1441c0cbc4c52667244c533ef85780a220c3cd7f95d13a29f",
  "pins" : [
    {
      "identity" : "benchmark-cmp-spm",
      "kind" : "remoteSourceControl",
      "location" : "https://github.com/AnthonyMde/benchmark-cmp-spm",
      "state" : {
        "branch" : "main",
        "revision" : "e99cb574c08eeb582ae0086bcfe361aa382e23af"
      }
    }
  ],
  "version" : 3
}
